
Microsoft Visual Studio Solution File, Format Version 12.00
# Visual Studio Version 17
VisualStudioVersion = 17.6.33829.357
MinimumVisualStudioVersion = 10.0.40219.1
Project("{FAE04EC0-301F-11D3-BF4B-00C04F79EFBC}") = "KFMS_PROJECT", "KFMS_PROJECT\KFMS_PROJECT.csproj", "{E9CC6F87-77C3-437F-A9F8-37D4EFE52ADD}"
EndProject
Global
	GlobalSection(SolutionConfigurationPlatforms) = preSolution
		Debug|Any CPU = Debug|Any CPU
		Release|Any CPU = Release|Any CPU
	EndGlobalSection
	GlobalSection(ProjectConfigurationPlatforms) = postSolution
		{E9CC6F87-77C3-437F-A9F8-37D4EFE52ADD}.Debug|Any CPU.ActiveCfg = Debug|Any CPU
		{E9CC6F87-77C3-437F-A9F8-37D4EFE52ADD}.Debug|Any CPU.Build.0 = Debug|Any CPU
		{E9CC6F87-77C3-437F-A9F8-37D4EFE52ADD}.Release|Any CPU.ActiveCfg = Release|Any CPU
		{E9CC6F87-77C3-437F-A9F8-37D4EFE52ADD}.Release|Any CPU.Build.0 = Release|Any CPU
	EndGlobalSection
	GlobalSection(SolutionProperties) = preSolution
		HideSolutionNode = FALSE
	EndGlobalSection
	GlobalSection(ExtensibilityGlobals) = postSolution
		SolutionGuid = {630C0D97-8278-4F1E-8E57-92017633EB81}
	EndGlobalSection
EndGlobal
